{
  "name": "@fenetre/cldr-data",
  "version": "43.1.0",
  "lockfileVersion": 3,
  "requires": true,
  "packages": {
    "": {
      "name": "@fenetre/cldr-data",
      "version": "43.1.0",
      "hasInstallScript": true,
      "license": "MIT",
      "dependencies": {
        "cldr-core": "43.1.0",
        "cldr-dates-modern": "43.1.0",
        "cldr-numbers-modern": "43.1.0"
      }
    },
    "node_modules/cldr-core": {
      "version": "43.1.0",
      "resolved": "https://registry.npmjs.org/cldr-core/-/cldr-core-43.1.0.tgz",
      "integrity": "sha512-8Q/Zh/eCzV4SxggzZhPnw5WDWH9OnhbPfwzthfG8uXsCn7F5UeBCiAOTxsstxuxtXPKlvPJqqMSQjiYcqJPJsA=="
    },
    "node_modules/cldr-dates-modern": {
      "version": "43.1.0",
      "resolved": "https://registry.npmjs.org/cldr-dates-modern/-/cldr-dates-modern-43.1.0.tgz",
      "integrity": "sha512-bAPR2Gxn4guOE1cXef3SH9e8U/gbAbRfcnMqyaV96tOKbYPq78yFFAcF4/f6aG16f6bmIeUm8KaLitv49b1G5w==",
      "peerDependencies": {
        "cldr-numbers-modern": "43.1.0"
      }
    },
    "node_modules/cldr-numbers-modern": {
      "version": "43.1.0",
      "resolved": "https://registry.npmjs.org/cldr-numbers-modern/-/cldr-numbers-modern-43.1.0.tgz",
      "integrity": "sha512-cekZLx2Mj/pC3oG50jJW1PgxjCRnJHw2trUdH++qcz7r1Ari/4BPhhbfKzOVlYBFlTzAsVxJ9hioWwzyPOpd1A==",
      "peerDependencies": {
        "cldr-core": "43.1.0"
      }
    }
  }
}
